
Microsoft Visual Studio Solution File, Format Version 12.00
# Visual Studio Version 17
VisualStudioVersion = 17.8.34408.163
MinimumVisualStudioVersion = 10.0.40219.1
Project("{FAE04EC0-301F-11D3-BF4B-00C04F79EFBC}") = "LastMinutes", "LastMinutes\LastMinutes.csproj", "{C5201D4B-14C3-43AB-9D28-38B0B7403AC6}"
EndProject
Global
	GlobalSection(SolutionConfigurationPlatforms) = preSolution
		Debug|Any CPU = Debug|Any CPU
		Release|Any CPU = Release|Any CPU
	EndGlobalSection
	GlobalSection(ProjectConfigurationPlatforms) = postSolution
		{C5201D4B-14C3-43AB-9D28-38B0B7403AC6}.Debug|Any CPU.ActiveCfg = Debug|Any CPU
		{C5201D4B-14C3-43AB-9D28-38B0B7403AC6}.Debug|Any CPU.Build.0 = Debug|Any CPU
		{C5201D4B-14C3-43AB-9D28-38B0B7403AC6}.Release|Any CPU.ActiveCfg = Release|Any CPU
		{C5201D4B-14C3-43AB-9D28-38B0B7403AC6}.Release|Any CPU.Build.0 = Release|Any CPU
	EndGlobalSection
	GlobalSection(SolutionProperties) = preSolution
		HideSolutionNode = FALSE
	EndGlobalSection
	GlobalSection(ExtensibilityGlobals) = postSolution
		SolutionGuid = {9197357A-BCF8-45F0-851A-ED24AC112450}
	EndGlobalSection
EndGlobal
